{
    "name": "fabrica-sinapse-nodejs-template-origine2",
    "version": "1.0.0",
    "lockfileVersion": 3,
    "requires": true,
    "packages": {
        "": {
            "name": "fabrica-sinapse-nodejs-template-origine2",
            "version": "1.0.0",
            "license": "ISC",
            "devDependencies": {
                "prettier": "npm:@btmills/prettier@^3.2.5"
            }
        },
        "node_modules/prettier": {
            "name": "@btmills/prettier",
            "version": "3.2.5",
            "resolved": "https://registry.npmjs.org/@btmills/prettier/-/prettier-3.2.5.tgz",
            "integrity": "sha512-/jnSI2KIlDBBVH48C6SmFj7mDgowZEcQiafmqGb8oectKXfW2Q6k39zpPCW/45NFDcknETccBqvOWh6kbybMIg==",
            "dev": true,
            "bin": {
                "prettier": "bin/prettier.cjs"
            },
            "engines": {
                "node": ">=14"
            },
            "funding": {
                "url": "https://github.com/prettier/prettier?sponsor=1"
            }
        }
    }
}
